
Microsoft Visual Studio Solution File, Format Version 12.00
# Visual Studio Version 17
VisualStudioVersion = 17.0.31903.59
MinimumVisualStudioVersion = 10.0.40219.1
Project("{2150E333-8FDC-42A3-9474-1A3956D46DE8}") = "src", "src", "{CCC1EB74-3F01-42A5-9154-DE07DC1EE3F1}"
EndProject
Project("{2150E333-8FDC-42A3-9474-1A3956D46DE8}") = "Backend", "Backend", "{8B73C6EF-CE7F-4BFA-AD22-6B4996EE95C2}"
EndProject
Project("{2150E333-8FDC-42A3-9474-1A3956D46DE8}") = "IdentityProvider", "IdentityProvider", "{87D333C9-CF00-4F07-9AA5-4CF406426F60}"
EndProject
Project("{FAE04EC0-301F-11D3-BF4B-00C04F79EFBC}") = "IdentityProvider", "src\Backend\IdentityProvider\IdentityProvider.csproj", "{D6CD47A4-7829-46F5-B94D-E9A753F5851D}"
EndProject
Global
	GlobalSection(SolutionConfigurationPlatforms) = preSolution
		Debug|Any CPU = Debug|Any CPU
		Release|Any CPU = Release|Any CPU
	EndGlobalSection
	GlobalSection(ProjectConfigurationPlatforms) = postSolution
		{D6CD47A4-7829-46F5-B94D-E9A753F5851D}.Debug|Any CPU.ActiveCfg = Debug|Any CPU
		{D6CD47A4-7829-46F5-B94D-E9A753F5851D}.Debug|Any CPU.Build.0 = Debug|Any CPU
		{D6CD47A4-7829-46F5-B94D-E9A753F5851D}.Release|Any CPU.ActiveCfg = Release|Any CPU
		{D6CD47A4-7829-46F5-B94D-E9A753F5851D}.Release|Any CPU.Build.0 = Release|Any CPU
	EndGlobalSection
	GlobalSection(SolutionProperties) = preSolution
		HideSolutionNode = FALSE
	EndGlobalSection
	GlobalSection(NestedProjects) = preSolution
		{8B73C6EF-CE7F-4BFA-AD22-6B4996EE95C2} = {CCC1EB74-3F01-42A5-9154-DE07DC1EE3F1}
		{87D333C9-CF00-4F07-9AA5-4CF406426F60} = {8B73C6EF-CE7F-4BFA-AD22-6B4996EE95C2}
		{D6CD47A4-7829-46F5-B94D-E9A753F5851D} = {87D333C9-CF00-4F07-9AA5-4CF406426F60}
	EndGlobalSection
EndGlobal
