
Microsoft Visual Studio Solution File, Format Version 12.00
# Visual Studio Version 17
VisualStudioVersion = 17.0.31903.59
MinimumVisualStudioVersion = 10.0.40219.1
Project("{2150E333-8FDC-42A3-9474-1A3956D46DE8}") = "src", "src", "{CCC1EB74-3F01-42A5-9154-DE07DC1EE3F1}"
EndProject
Project("{2150E333-8FDC-42A3-9474-1A3956D46DE8}") = "Backend", "Backend", "{8B73C6EF-CE7F-4BFA-AD22-6B4996EE95C2}"
EndProject
Project("{2150E333-8FDC-42A3-9474-1A3956D46DE8}") = "IdentityProvider", "IdentityProvider", "{87D333C9-CF00-4F07-9AA5-4CF406426F60}"
EndProject
Project("{FAE04EC0-301F-11D3-BF4B-00C04F79EFBC}") = "IdentityProvider", "src\Backend\IdentityProvider\IdentityProvider.csproj", "{D6CD47A4-7829-46F5-B94D-E9A753F5851D}"
EndProject
Project("{2150E333-8FDC-42A3-9474-1A3956D46DE8}") = "Jobs", "Jobs", "{23993EDE-6604-4BC4-B244-C263BFE8DBED}"
EndProject
Project("{2150E333-8FDC-42A3-9474-1A3956D46DE8}") = "Scheduler", "Scheduler", "{AAD680D2-92DA-440D-B01D-494DD4B2AEEC}"
EndProject
Project("{FAE04EC0-301F-11D3-BF4B-00C04F79EFBC}") = "Domain", "src\Backend\Jobs\Domain\Domain.csproj", "{D065B565-2604-4058-A129-0519B58CF54F}"
EndProject
Project("{FAE04EC0-301F-11D3-BF4B-00C04F79EFBC}") = "Application", "src\Backend\Jobs\Application\Application.csproj", "{CE8CCE19-2056-465E-9140-B2EE2ACDC044}"
EndProject
Project("{FAE04EC0-301F-11D3-BF4B-00C04F79EFBC}") = "Infrastructure", "src\Backend\Jobs\Infrastructure\Infrastructure.csproj", "{F8051FAD-8C65-41FC-8A03-B4FE22003FB1}"
EndProject
Project("{FAE04EC0-301F-11D3-BF4B-00C04F79EFBC}") = "WebApi", "src\Backend\Jobs\WebApi\WebApi.csproj", "{344E9DC6-017B-4DBC-946C-FE84EBC3309E}"
EndProject
Project("{2150E333-8FDC-42A3-9474-1A3956D46DE8}") = "Notifier", "Notifier", "{3A6E2BE0-AE73-4F8F-9760-7C396A955249}"
EndProject
Project("{2150E333-8FDC-42A3-9474-1A3956D46DE8}") = "Messaging", "Messaging", "{47A03634-93BC-4118-84FB-FAC43F7A1C27}"
EndProject
Global
	GlobalSection(SolutionConfigurationPlatforms) = preSolution
		Debug|Any CPU = Debug|Any CPU
		Release|Any CPU = Release|Any CPU
	EndGlobalSection
	GlobalSection(ProjectConfigurationPlatforms) = postSolution
		{D6CD47A4-7829-46F5-B94D-E9A753F5851D}.Debug|Any CPU.ActiveCfg = Debug|Any CPU
		{D6CD47A4-7829-46F5-B94D-E9A753F5851D}.Debug|Any CPU.Build.0 = Debug|Any CPU
		{D6CD47A4-7829-46F5-B94D-E9A753F5851D}.Release|Any CPU.ActiveCfg = Release|Any CPU
		{D6CD47A4-7829-46F5-B94D-E9A753F5851D}.Release|Any CPU.Build.0 = Release|Any CPU
		{D065B565-2604-4058-A129-0519B58CF54F}.Debug|Any CPU.ActiveCfg = Debug|Any CPU
		{D065B565-2604-4058-A129-0519B58CF54F}.Debug|Any CPU.Build.0 = Debug|Any CPU
		{D065B565-2604-4058-A129-0519B58CF54F}.Release|Any CPU.ActiveCfg = Release|Any CPU
		{D065B565-2604-4058-A129-0519B58CF54F}.Release|Any CPU.Build.0 = Release|Any CPU
		{CE8CCE19-2056-465E-9140-B2EE2ACDC044}.Debug|Any CPU.ActiveCfg = Debug|Any CPU
		{CE8CCE19-2056-465E-9140-B2EE2ACDC044}.Debug|Any CPU.Build.0 = Debug|Any CPU
		{CE8CCE19-2056-465E-9140-B2EE2ACDC044}.Release|Any CPU.ActiveCfg = Release|Any CPU
		{CE8CCE19-2056-465E-9140-B2EE2ACDC044}.Release|Any CPU.Build.0 = Release|Any CPU
		{F8051FAD-8C65-41FC-8A03-B4FE22003FB1}.Debug|Any CPU.ActiveCfg = Debug|Any CPU
		{F8051FAD-8C65-41FC-8A03-B4FE22003FB1}.Debug|Any CPU.Build.0 = Debug|Any CPU
		{F8051FAD-8C65-41FC-8A03-B4FE22003FB1}.Release|Any CPU.ActiveCfg = Release|Any CPU
		{F8051FAD-8C65-41FC-8A03-B4FE22003FB1}.Release|Any CPU.Build.0 = Release|Any CPU
		{344E9DC6-017B-4DBC-946C-FE84EBC3309E}.Debug|Any CPU.ActiveCfg = Debug|Any CPU
		{344E9DC6-017B-4DBC-946C-FE84EBC3309E}.Debug|Any CPU.Build.0 = Debug|Any CPU
		{344E9DC6-017B-4DBC-946C-FE84EBC3309E}.Release|Any CPU.ActiveCfg = Release|Any CPU
		{344E9DC6-017B-4DBC-946C-FE84EBC3309E}.Release|Any CPU.Build.0 = Release|Any CPU
	EndGlobalSection
	GlobalSection(SolutionProperties) = preSolution
		HideSolutionNode = FALSE
	EndGlobalSection
	GlobalSection(NestedProjects) = preSolution
		{8B73C6EF-CE7F-4BFA-AD22-6B4996EE95C2} = {CCC1EB74-3F01-42A5-9154-DE07DC1EE3F1}
		{87D333C9-CF00-4F07-9AA5-4CF406426F60} = {8B73C6EF-CE7F-4BFA-AD22-6B4996EE95C2}
		{D6CD47A4-7829-46F5-B94D-E9A753F5851D} = {87D333C9-CF00-4F07-9AA5-4CF406426F60}
		{23993EDE-6604-4BC4-B244-C263BFE8DBED} = {8B73C6EF-CE7F-4BFA-AD22-6B4996EE95C2}
		{AAD680D2-92DA-440D-B01D-494DD4B2AEEC} = {8B73C6EF-CE7F-4BFA-AD22-6B4996EE95C2}
		{D065B565-2604-4058-A129-0519B58CF54F} = {23993EDE-6604-4BC4-B244-C263BFE8DBED}
		{CE8CCE19-2056-465E-9140-B2EE2ACDC044} = {23993EDE-6604-4BC4-B244-C263BFE8DBED}
		{F8051FAD-8C65-41FC-8A03-B4FE22003FB1} = {23993EDE-6604-4BC4-B244-C263BFE8DBED}
		{344E9DC6-017B-4DBC-946C-FE84EBC3309E} = {23993EDE-6604-4BC4-B244-C263BFE8DBED}
		{3A6E2BE0-AE73-4F8F-9760-7C396A955249} = {8B73C6EF-CE7F-4BFA-AD22-6B4996EE95C2}
		{47A03634-93BC-4118-84FB-FAC43F7A1C27} = {8B73C6EF-CE7F-4BFA-AD22-6B4996EE95C2}
	EndGlobalSection
	GlobalSection(ExtensibilityGlobals) = postSolution
		SolutionGuid = {FA70064B-11E6-437B-AB41-0A3069ADFE92}
	EndGlobalSection
EndGlobal
